Microsoft Visual Studio Solution File, Format Version 8.00
Project("{8BC9CEB8-8B4A-11D0-8D11-00A0C91BC942}") = "client", "client.vcproj", "{FDC27B80-2A4E-43EC-95EE-3CBBD19DCB79}"
	ProjectSection(ProjectDependencies) = postProject
	EndProjectSection
EndProject
Global
	GlobalSection(SolutionConfiguration) = preSolution
		Debug = Debug
		Release = Release
	EndGlobalSection
	GlobalSection(ProjectConfiguration) = postSolution
		{FDC27B80-2A4E-43EC-95EE-3CBBD19DCB79}.Debug.ActiveCfg = Debug|Win32
		{FDC27B80-2A4E-43EC-95EE-3CBBD19DCB79}.Debug.Build.0 = Debug|Win32
		{FDC27B80-2A4E-43EC-95EE-3CBBD19DCB79}.Release.ActiveCfg = Release|Win32
		{FDC27B80-2A4E-43EC-95EE-3CBBD19DCB79}.Release.Build.0 = Release|Win32
	EndGlobalSection
	GlobalSection(ExtensibilityGlobals) = postSolution
	EndGlobalSection
	GlobalSection(ExtensibilityAddIns) = postSolution
	EndGlobalSection
EndGlobal
